
Microsoft Visual Studio Solution File, Format Version 12.00
# Visual Studio Version 17
VisualStudioVersion = 17.14.36221.1
MinimumVisualStudioVersion = 10.0.40219.1
Project("{FAE04EC0-301F-11D3-BF4B-00C04F79EFBC}") = "CTViewer", "CTViewer\CTViewer.csproj", "{89AEAD58-226B-DFF7-7249-CC3DBEF39865}"
EndProject
Global
	GlobalSection(SolutionConfigurationPlatforms) = preSolution
		Debug|Any CPU = Debug|Any CPU
		Release|Any CPU = Release|Any CPU
	EndGlobalSection
	GlobalSection(ProjectConfigurationPlatforms) = postSolution
		{89AEAD58-226B-DFF7-7249-CC3DBEF39865}.Debug|Any CPU.ActiveCfg = Debug|Any CPU
		{89AEAD58-226B-DFF7-7249-CC3DBEF39865}.Debug|Any CPU.Build.0 = Debug|Any CPU
		{89AEAD58-226B-DFF7-7249-CC3DBEF39865}.Release|Any CPU.ActiveCfg = Release|Any CPU
		{89AEAD58-226B-DFF7-7249-CC3DBEF39865}.Release|Any CPU.Build.0 = Release|Any CPU
	EndGlobalSection
	GlobalSection(SolutionProperties) = preSolution
		HideSolutionNode = FALSE
	EndGlobalSection
	GlobalSection(ExtensibilityGlobals) = postSolution
		SolutionGuid = {66E82935-D884-470A-AE25-E731DBA33027}
	EndGlobalSection
EndGlobal
